// !$*UTF8*$!
{
	archiveVersion = 1;
	classes = {
	};
	objectVersion = 50;
	objects = {

/* Begin PBXBuildFile section */
		0E826D31239DFC04008E684B /* AppDelegate.swift in Sources */ = {isa = PBXBuildFile; fileRef = 0E826D30239DFC04008E684B /* AppDelegate.swift */; };
		0E826D33239DFC04008E684B /* SceneDelegate.swift in Sources */ = {isa = PBXBuildFile; fileRef = 0E826D32239DFC04008E684B /* SceneDelegate.swift */; };
		0E826D35239DFC04008E684B /* ViewController.swift in Sources */ = {isa = PBXBuildFile; fileRef = 0E826D34239DFC04008E684B /* ViewController.swift */; };
		0E826D38239DFC04008E684B /* Main.storyboard in Resources */ = {isa = PBXBuildFile; fileRef = 0E826D36239DFC04008E684B /* Main.storyboard */; };
		0E826D3B239DFC04008E684B /* PracticalTest.xcdatamodeld in Sources */ = {isa = PBXBuildFile; fileRef = 0E826D39239DFC04008E684B /* PracticalTest.xcdatamodeld */; };
		0E826D3D239DFC05008E684B /* Assets.xcassets in Resources */ = {isa = PBXBuildFile; fileRef = 0E826D3C239DFC05008E684B /* Assets.xcassets */; };
		0E826D40239DFC05008E684B /* LaunchScreen.storyboard in Resources */ = {isa = PBXBuildFile; fileRef = 0E826D3E239DFC05008E684B /* LaunchScreen.storyboard */; };
		0E826D48239E004E008E684B /* LoginViewController.swift in Sources */ = {isa = PBXBuildFile; fileRef = 0E826D47239E004E008E684B /* LoginViewController.swift */; };
		0E826D4A239E023F008E684B /* Contact.swift in Sources */ = {isa = PBXBuildFile; fileRef = 0E826D49239E023F008E684B /* Contact.swift */; };
		E226EDBF239E91E800B703D8 /* GRUITableViewController.swift in Sources */ = {isa = PBXBuildFile; fileRef = E226EDBE239E91E800B703D8 /* GRUITableViewController.swift */; };
/* End PBXBuildFile section */

/* Begin PBXFileReference section */
		0E826D2D239DFC04008E684B /* PracticalTest.app */ = {isa = PBXFileReference; explicitFileType = wrapper.application; includeInIndex = 0; path = PracticalTest.app; sourceTree = BUILT_PRODUCTS_DIR; };
		0E826D30239DFC04008E684B /* AppDelegate.swift */ = {isa = PBXFileReference; lastKnownFileType = sourcecode.swift; path = AppDelegate.swift; sourceTree = "<group>"; };
		0E826D32239DFC04008E684B /* SceneDelegate.swift */ = {isa = PBXFileReference; lastKnownFileType = sourcecode.swift; path = SceneDelegate.swift; sourceTree = "<group>"; };
		0E826D34239DFC04008E684B /* ViewController.swift */ = {isa = PBXFileReference; lastKnownFileType = sourcecode.swift; path = ViewController.swift; sourceTree = "<group>"; };
		0E826D37239DFC04008E684B /* Base */ = {isa = PBXFileReference; lastKnownFileType = file.storyboard; name = Base; path = Base.lproj/Main.storyboard; sourceTree = "<group>"; };
		0E826D3A239DFC04008E684B /* PracticalTest.xcdatamodel */ = {isa = PBXFileReference; lastKnownFileType = wrapper.xcdatamodel; path = PracticalTest.xcdatamodel; sourceTree = "<group>"; };
		0E826D3C239DFC05008E684B /* Assets.xcassets */ = {isa = PBXFileReference; lastKnownFileType = folder.assetcatalog; path = Assets.xcassets; sourceTree = "<group>"; };
		0E826D3F239DFC05008E684B /* Base */ = {isa = PBXFileReference; lastKnownFileType = file.storyboard; name = Base; path = Base.lproj/LaunchScreen.storyboard; sourceTree = "<group>"; };
		0E826D41239DFC05008E684B /* Info.plist */ = {isa = PBXFileReference; lastKnownFileType = text.plist.xml; path = Info.plist; sourceTree = "<group>"; };
		0E826D47239E004E008E684B /* LoginViewController.swift */ = {isa = PBXFileReference; lastKnownFileType = sourcecode.swift; path = LoginViewController.swift; sourceTree = "<group>"; };
		0E826D49239E023F008E684B /* Contact.swift */ = {isa = PBXFileReference; lastKnownFileType = sourcecode.swift; path = Contact.swift; sourceTree = "<group>"; };
		E226EDBE239E91E800B703D8 /* GRUITableViewController.swift */ = {isa = PBXFileReference; lastKnownFileType = sourcecode.swift; path = GRUITableViewController.swift; sourceTree = "<group>"; };
/* End PBXFileReference section */

/* Begin PBXFrameworksBuildPhase section */
		0E826D2A239DFC04008E684B /* Frameworks */ = {
			isa = PBXFrameworksBuildPhase;
			buildActionMask = 2147483647;
			files = (
			);
			runOnlyForDeploymentPostprocessing = 0;
		};
/* End PBXFrameworksBuildPhase section */

/* Begin PBXGroup section */
		0E826D24239DFC04008E684B = {
			isa = PBXGroup;
			children = (
				0E826D2F239DFC04008E684B /* PracticalTest */,
				0E826D2E239DFC04008E684B /* Products */,
			);
			sourceTree = "<group>";
		};
		0E826D2E239DFC04008E684B /* Products */ = {
			isa = PBXGroup;
			children = (
				0E826D2D239DFC04008E684B /* PracticalTest.app */,
			);
			name = Products;
			sourceTree = "<group>";
		};
		0E826D2F239DFC04008E684B /* PracticalTest */ = {
			isa = PBXGroup;
			children = (
				0E826D32239DFC04008E684B /* SceneDelegate.swift */,
				0E826D34239DFC04008E684B /* ViewController.swift */,
				0E826D3E239DFC05008E684B /* LaunchScreen.storyboard */,
				0E826D41239DFC05008E684B /* Info.plist */,
				0E826D39239DFC04008E684B /* PracticalTest.xcdatamodeld */,
				0E826D3C239DFC05008E684B /* Assets.xcassets */,
				0E826D36239DFC04008E684B /* Main.storyboard */,
				0E826D30239DFC04008E684B /* AppDelegate.swift */,
				0E826D47239E004E008E684B /* LoginViewController.swift */,
				0E826D49239E023F008E684B /* Contact.swift */,
				E226EDBE239E91E800B703D8 /* GRUITableViewController.swift */,
			);
			path = PracticalTest;
			sourceTree = "<group>";
		};
/* End PBXGroup section */

/* Begin PBXNativeTarget section */
		0E826D2C239DFC04008E684B /* PracticalTest */ = {
			isa = PBXNativeTarget;
			buildConfigurationList = 0E826D44239DFC05008E684B /* Build configuration list for PBXNativeTarget "PracticalTest" */;
			buildPhases = (
				0E826D29239DFC04008E684B /* Sources */,
				0E826D2A239DFC04008E684B /* Frameworks */,
				0E826D2B239DFC04008E684B /* Resources */,
			);
			buildRules = (
			);
			dependencies = (
			);
			name = PracticalTest;
			productName = PracticalTest;
			productReference = 0E826D2D239DFC04008E684B /* PracticalTest.app */;
			productType = "com.apple.product-type.application";
		};
/* End PBXNativeTarget section */

/* Begin PBXProject section */
		0E826D25239DFC04008E684B /* Project object */ = {
			isa = PBXProject;
			attributes = {
				LastSwiftUpdateCheck = 1120;
				LastUpgradeCheck = 1120;
				ORGANIZATIONNAME = MAD2;
				TargetAttributes = {
					0E826D2C239DFC04008E684B = {
						CreatedOnToolsVersion = 11.2.1;
					};
				};
			};
			buildConfigurationList = 0E826D28239DFC04008E684B /* Build configuration list for PBXProject "PracticalTest" */;
			compatibilityVersion = "Xcode 9.3";
			developmentRegion = en;
			hasScannedForEncodings = 0;
			knownRegions = (
				en,
				Base,
			);
			mainGroup = 0E826D24239DFC04008E684B;
			productRefGroup = 0E826D2E239DFC04008E684B /* Products */;
			projectDirPath = "";
			projectRoot = "";
			targets = (
				0E826D2C239DFC04008E684B /* PracticalTest */,
			);
		};
/* End PBXProject section */

/* Begin PBXResourcesBuildPhase section */
		0E826D2B239DFC04008E684B /* Resources */ = {
			isa = PBXResourcesBuildPhase;
			buildActionMask = 2147483647;
			files = (
				0E826D40239DFC05008E684B /* LaunchScreen.storyboard in Resources */,
				0E826D3D239DFC05008E684B /* Assets.xcassets in Resources */,
				0E826D38239DFC04008E684B /* Main.storyboard in Resources */,
			);
			runOnlyForDeploymentPostprocessing = 0;
		};
/* End PBXResourcesBuildPhase section */

/* Begin PBXSourcesBuildPhase section */
		0E826D29239DFC04008E684B /* Sources */ = {
			isa = PBXSourcesBuildPhase;
			buildActionMask = 2147483647;
			files = (
				0E826D4A239E023F008E684B /* Contact.swift in Sources */,
				0E826D35239DFC04008E684B /* ViewController.swift in Sources */,
				0E826D3B239DFC04008E684B /* PracticalTest.xcdatamodeld in Sources */,
				E226EDBF239E91E800B703D8 /* GRUITableViewController.swift in Sources */,
				0E826D31239DFC04008E684B /* AppDelegate.swift in Sources */,
				0E826D48239E004E008E684B /* LoginViewController.swift in Sources */,
				0E826D33239DFC04008E684B /* SceneDelegate.swift in Sources */,
			);
			runOnlyForDeploymentPostprocessing = 0;
		};
/* End PBXSourcesBuildPhase section */

/* Begin PBXVariantGroup section */
		0E826D36239DFC04008E684B /* Main.storyboard */ = {
			isa = PBXVariantGroup;
			children = (
				0E826D37239DFC04008E684B /* Base */,
			);
			name = Main.storyboard;
			sourceTree = "<group>";
		};
		0E826D3E239DFC05008E684B /* LaunchScreen.storyboard */ = {
			isa = PBXVariantGroup;
			children = (
				0E826D3F239DFC05008E684B /* Base */,
			);
			name = LaunchScreen.storyboard;
			sourceTree = "<group>";
		};
/* End PBXVariantGroup section */

/* Begin XCBuildConfiguration section */
		0E826D42239DFC05008E684B /* Debug */ = {
			isa = XCBuildConfiguration;
			buildSettings = {
				ALWAYS_SEARCH_USER_PATHS = NO;
				CLANG_ANALYZER_NONNULL = YES;
				CLANG_ANALYZER_NUMBER_OBJECT_CONVERSION = YES_AGGRESSIVE;
				CLANG_CXX_LANGUAGE_STANDARD = "gnu++14";
				CLANG_CXX_LIBRARY = "libc++";
				CLANG_ENABLE_MODULES = YES;
				CLANG_ENABLE_OBJC_ARC = YES;
				CLANG_ENABLE_OBJC_WEAK = YES;
				CLANG_WARN_BLOCK_CAPTURE_AUTORELEASING = YES;
				CLANG_WARN_BOOL_CONVERSION = YES;
				CLANG_WARN_COMMA = YES;
				CLANG_WARN_CONSTANT_CONVERSION = YES;
				CLANG_WARN_DEPRECATED_OBJC_IMPLEMENTATIONS = YES;
				CLANG_WARN_DIRECT_OBJC_ISA_USAGE = YES_ERROR;
				CLANG_WARN_DOCUMENTATION_COMMENTS = YES;
				CLANG_WARN_EMPTY_BODY = YES;
				CLANG_WARN_ENUM_CONVERSION = YES;
				CLANG_WARN_INFINITE_RECURSION = YES;
				CLANG_WARN_INT_CONVERSION = YES;
				CLANG_WARN_NON_LITERAL_NULL_CONVERSION = YES;
				CLANG_WARN_OBJC_IMPLICIT_RETAIN_SELF = YES;
				CLANG_WARN_OBJC_LITERAL_CONVERSION = YES;
				CLANG_WARN_OBJC_ROOT_CLASS = YES_ERROR;
				CLANG_WARN_RANGE_LOOP_ANALYSIS = YES;
				CLANG_WARN_STRICT_PROTOTYPES = YES;
				CLANG_WARN_SUSPICIOUS_MOVE = YES;
				CLANG_WARN_UNGUARDED_AVAILABILITY = YES_AGGRESSIVE;
				CLANG_WARN_UNREACHABLE_CODE = YES;
				CLANG_WARN__DUPLICATE_METHOD_MATCH = YES;
				COPY_PHASE_STRIP = NO;
				DEBUG_INFORMATION_FORMAT = dwarf;
				ENABLE_STRICT_OBJC_MSGSEND = YES;
				ENABLE_TESTABILITY = YES;
				GCC_C_LANGUAGE_STANDARD = gnu11;
				GCC_DYNAMIC_NO_PIC = NO;
				GCC_NO_COMMON_BLOCKS = YES;
				GCC_OPTIMIZATION_LEVEL = 0;
				GCC_PREPROCESSOR_DEFINITIONS = (
					"DEBUG=1",
					"$(inherited)",
				);
				GCC_WARN_64_TO_32_BIT_CONVERSION = YES;
				GCC_WARN_ABOUT_RETURN_TYPE = YES_ERROR;
				GCC_WARN_UNDECLARED_SELECTOR = YES;
				GCC_WARN_UNINITIALIZED_AUTOS = YES_AGGRESSIVE;
				GCC_WARN_UNUSED_FUNCTION = YES;
				GCC_WARN_UNUSED_VARIABLE = YES;
				IPHONEOS_DEPLOYMENT_TARGET = 13.2;
				MTL_ENABLE_DEBUG_INFO = INCLUDE_SOURCE;
				MTL_FAST_MATH = YES;
				ONLY_ACTIVE_ARCH = YES;
				SDKROOT = iphoneos;
				SWIFT_ACTIVE_COMPILATION_CONDITIONS = DEBUG;
				SWIFT_OPTIMIZATION_LEVEL = "-Onone";
			};
			name = Debug;
		};
		0E826D43239DFC05008E684B /* Release */ = {
			isa = XCBuildConfiguration;
			buildSettings = {
				ALWAYS_SEARCH_USER_PATHS = NO;
				CLANG_ANALYZER_NONNULL = YES;
				CLANG_ANALYZER_NUMBER_OBJECT_CONVERSION = YES_AGGRESSIVE;
				CLANG_CXX_LANGUAGE_STANDARD = "gnu++14";
				CLANG_CXX_LIBRARY = "libc++";
				CLANG_ENABLE_MODULES = YES;
				CLANG_ENABLE_OBJC_ARC = YES;
				CLANG_ENABLE_OBJC_WEAK = YES;
				CLANG_WARN_BLOCK_CAPTURE_AUTORELEASING = YES;
				CLANG_WARN_BOOL_CONVERSION = YES;
				CLANG_WARN_COMMA = YES;
				CLANG_WARN_CONSTANT_CONVERSION = YES;
				CLANG_WARN_DEPRECATED_OBJC_IMPLEMENTATIONS = YES;
				CLANG_WARN_DIRECT_OBJC_ISA_USAGE = YES_ERROR;
				CLANG_WARN_DOCUMENTATION_COMMENTS = YES;
				CLANG_WARN_EMPTY_BODY = YES;
				CLANG_WARN_ENUM_CONVERSION = YES;
				CLANG_WARN_INFINITE_RECURSION = YES;
				CLANG_WARN_INT_CONVERSION = YES;
				CLANG_WARN_NON_LITERAL_NULL_CONVERSION = YES;
				CLANG_WARN_OBJC_IMPLICIT_RETAIN_SELF = YES;
				CLANG_WARN_OBJC_LITERAL_CONVERSION = YES;
				CLANG_WARN_OBJC_ROOT_CLASS = YES_ERROR;
				CLANG_WARN_RANGE_LOOP_ANALYSIS = YES;
				CLANG_WARN_STRICT_PROTOTYPES = YES;
				CLANG_WARN_SUSPICIOUS_MOVE = YES;
				CLANG_WARN_UNGUARDED_AVAILABILITY = YES_AGGRESSIVE;
				CLANG_WARN_UNREACHABLE_CODE = YES;
				CLANG_WARN__DUPLICATE_METHOD_MATCH = YES;
				COPY_PHASE_STRIP = NO;
				DEBUG_INFORMATION_FORMAT = "dwarf-with-dsym";
				ENABLE_NS_ASSERTIONS = NO;
				ENABLE_STRICT_OBJC_MSGSEND = YES;
				GCC_C_LANGUAGE_STANDARD = gnu11;
				GCC_NO_COMMON_BLOCKS = YES;
				GCC_WARN_64_TO_32_BIT_CONVERSION = YES;
				GCC_WARN_ABOUT_RETURN_TYPE = YES_ERROR;
				GCC_WARN_UNDECLARED_SELECTOR = YES;
				GCC_WARN_UNINITIALIZED_AUTOS = YES_AGGRESSIVE;
				GCC_WARN_UNUSED_FUNCTION = YES;
				GCC_WARN_UNUSED_VARIABLE = YES;
				IPHONEOS_DEPLOYMENT_TARGET = 13.2;
				MTL_ENABLE_DEBUG_INFO = NO;
				MTL_FAST_MATH = YES;
				SDKROOT = iphoneos;
				SWIFT_COMPILATION_MODE = wholemodule;
				SWIFT_OPTIMIZATION_LEVEL = "-O";
				VALIDATE_PRODUCT = YES;
			};
			name = Release;
		};
		0E826D45239DFC05008E684B /* Debug */ = {
			isa = XCBuildConfiguration;
			buildSettings = {
				ASSETCATALOG_COMPILER_APPICON_NAME = AppIcon;
				CODE_SIGN_STYLE = Automatic;
				INFOPLIST_FILE = PracticalTest/Info.plist;
				LD_RUNPATH_SEARCH_PATHS = (
					"$(inherited)",
					"@executable_path/Frameworks",
				);
				PRODUCT_BUNDLE_IDENTIFIER = sg.mad2.PracticalTest;
				PRODUCT_NAME = "$(TARGET_NAME)";
				SWIFT_VERSION = 5.0;
				TARGETED_DEVICE_FAMILY = "1,2";
			};
			name = Debug;
		};
		0E826D46239DFC05008E684B /* Release */ = {
			isa = XCBuildConfiguration;
			buildSettings = {
				ASSETCATALOG_COMPILER_APPICON_NAME = AppIcon;
				CODE_SIGN_STYLE = Automatic;
				INFOPLIST_FILE = PracticalTest/Info.plist;
				LD_RUNPATH_SEARCH_PATHS = (
					"$(inherited)",
					"@executable_path/Frameworks",
				);
				PRODUCT_BUNDLE_IDENTIFIER = sg.mad2.PracticalTest;
				PRODUCT_NAME = "$(TARGET_NAME)";
				SWIFT_VERSION = 5.0;
				TARGETED_DEVICE_FAMILY = "1,2";
			};
			name = Release;
		};
/* End XCBuildConfiguration section */

/* Begin XCConfigurationList section */
		0E826D28239DFC04008E684B /* Build configuration list for PBXProject "PracticalTest" */ = {
			isa = XCConfigurationList;
			buildConfigurations = (
				0E826D42239DFC05008E684B /* Debug */,
				0E826D43239DFC05008E684B /* Release */,
			);
			defaultConfigurationIsVisible = 0;
			defaultConfigurationName = Release;
		};
		0E826D44239DFC05008E684B /* Build configuration list for PBXNativeTarget "PracticalTest" */ = {
			isa = XCConfigurationList;
			buildConfigurations = (
				0E826D45239DFC05008E684B /* Debug */,
				0E826D46239DFC05008E684B /* Release */,
			);
			defaultConfigurationIsVisible = 0;
			defaultConfigurationName = Release;
		};
/* End XCConfigurationList section */

/* Begin XCVersionGroup section */
		0E826D39239DFC04008E684B /* PracticalTest.xcdatamodeld */ = {
			isa = XCVersionGroup;
			children = (
				0E826D3A239DFC04008E684B /* PracticalTest.xcdatamodel */,
			);
			currentVersion = 0E826D3A239DFC04008E684B /* PracticalTest.xcdatamodel */;
			path = PracticalTest.xcdatamodeld;
			sourceTree = "<group>";
			versionGroupType = wrapper.xcdatamodel;
		};
/* End XCVersionGroup section */
	};
	rootObject = 0E826D25239DFC04008E684B /* Project object */;
}
